// !$*UTF8*$!
{
	archiveVersion = 1;
	classes = {
	};
	objectVersion = 46;
	objects = {

/* Begin PBXBuildFile section */
		56176D341EF1E95600DC43A1 /* SmashTagPlayers.swift in Sources */ = {isa = PBXBuildFile; fileRef = 56176D331EF1E95600DC43A1 /* SmashTagPlayers.swift */; };
		563BE50B1EE7048F00309758 /* CGRect+Extensions.swift in Sources */ = {isa = PBXBuildFile; fileRef = 563BE5041EE7048F00309758 /* CGRect+Extensions.swift */; };
		563BE50C1EE7048F00309758 /* NotificationObserver.swift in Sources */ = {isa = PBXBuildFile; fileRef = 563BE5051EE7048F00309758 /* NotificationObserver.swift */; };
		563BE50D1EE7048F00309758 /* RoundedButton.swift in Sources */ = {isa = PBXBuildFile; fileRef = 563BE5061EE7048F00309758 /* RoundedButton.swift */; };
		563BE50E1EE7048F00309758 /* SDKDemoAPIKey.swift in Sources */ = {isa = PBXBuildFile; fileRef = 563BE5071EE7048F00309758 /* SDKDemoAPIKey.swift */; };
		563BE50F1EE7048F00309758 /* ShadowLineView.swift in Sources */ = {isa = PBXBuildFile; fileRef = 563BE5081EE7048F00309758 /* ShadowLineView.swift */; };
		563BE5101EE7048F00309758 /* ShadowView.swift in Sources */ = {isa = PBXBuildFile; fileRef = 563BE5091EE7048F00309758 /* ShadowView.swift */; };
		563BE5111EE7048F00309758 /* Styles.swift in Sources */ = {isa = PBXBuildFile; fileRef = 563BE50A1EE7048F00309758 /* Styles.swift */; };
		563BE5151EE7573C00309758 /* LogInViewController.swift in Sources */ = {isa = PBXBuildFile; fileRef = 563BE5141EE7573C00309758 /* LogInViewController.swift */; };
		564165922087C7B50020F936 /* AlertController+Image.swift in Sources */ = {isa = PBXBuildFile; fileRef = 564165912087C7B50020F936 /* AlertController+Image.swift */; };
		56416594208953F60020F936 /* AnimationScene.swift in Sources */ = {isa = PBXBuildFile; fileRef = 56416593208953F60020F936 /* AnimationScene.swift */; };
		56506BAE1EF2FE6B00AE1537 /* PlacePickerDemoAssets.xcassets in Resources */ = {isa = PBXBuildFile; fileRef = 56506BAD1EF2FE6B00AE1537 /* PlacePickerDemoAssets.xcassets */; };
		5653AEB81EE5DD980086EE16 /* GoogleService-Info.plist in Resources */ = {isa = PBXBuildFile; fileRef = 5653AEB71EE5DD980086EE16 /* GoogleService-Info.plist */; };
		5653AEBA1EE5DDA80086EE16 /* Info.plist in Resources */ = {isa = PBXBuildFile; fileRef = 5653AEB91EE5DDA80086EE16 /* Info.plist */; };
		5653AEBC1EE5DDB90086EE16 /* Default-568h@2x.png in Resources */ = {isa = PBXBuildFile; fileRef = 5653AEBB1EE5DDB90086EE16 /* Default-568h@2x.png */; };
		5663123A1EF1E83200752BE1 /* SmashTagUser.swift in Sources */ = {isa = PBXBuildFile; fileRef = 566312391EF1E83200752BE1 /* SmashTagUser.swift */; };
		566586EF1EE5FBBC008926CC /* Main.storyboard in Resources */ = {isa = PBXBuildFile; fileRef = 566586ED1EE5FBBC008926CC /* Main.storyboard */; };
		56B5B60E1EE5DE2F0091CEAC /* Images.xcassets in Resources */ = {isa = PBXBuildFile; fileRef = 56B5B60A1EE5DE2F0091CEAC /* Images.xcassets */; };
		56B5B60F1EE5DE2F0091CEAC /* LaunchScreen.xib in Resources */ = {isa = PBXBuildFile; fileRef = 56B5B60B1EE5DE2F0091CEAC /* LaunchScreen.xib */; };
		56B5B6101EE5DE2F0091CEAC /* Roboto-Regular.ttf in Resources */ = {isa = PBXBuildFile; fileRef = 56B5B60C1EE5DE2F0091CEAC /* Roboto-Regular.ttf */; };
		56B5B6111EE5DE2F0091CEAC /* RobotoMono-Regular.ttf in Resources */ = {isa = PBXBuildFile; fileRef = 56B5B60D1EE5DE2F0091CEAC /* RobotoMono-Regular.ttf */; };
		56B67D6F1EE6FE380086681B /* BackgroundMapViewController.swift in Sources */ = {isa = PBXBuildFile; fileRef = 56B67D611EE6FE380086681B /* BackgroundMapViewController.swift */; };
		56B67D701EE6FE380086681B /* BaseContainerViewController.swift in Sources */ = {isa = PBXBuildFile; fileRef = 56B67D621EE6FE380086681B /* BaseContainerViewController.swift */; };
		56B67D711EE6FE380086681B /* InsetViewController.swift in Sources */ = {isa = PBXBuildFile; fileRef = 56B67D631EE6FE380086681B /* InsetViewController.swift */; };
		56B67D721EE6FE380086681B /* SplitPaneViewController.swift in Sources */ = {isa = PBXBuildFile; fileRef = 56B67D641EE6FE380086681B /* SplitPaneViewController.swift */; };
		56B67D731EE6FE380086681B /* PickAPlaceViewController.swift in Sources */ = {isa = PBXBuildFile; fileRef = 56B67D661EE6FE380086681B /* PickAPlaceViewController.swift */; };
		56B67D741EE6FE380086681B /* PickAPlaceViewController.xib in Resources */ = {isa = PBXBuildFile; fileRef = 56B67D671EE6FE380086681B /* PickAPlaceViewController.xib */; };
		56B67D751EE6FE380086681B /* PlaceAttributeCell.swift in Sources */ = {isa = PBXBuildFile; fileRef = 56B67D691EE6FE380086681B /* PlaceAttributeCell.swift */; };
		56B67D761EE6FE380086681B /* PlaceAttributeCell.xib in Resources */ = {isa = PBXBuildFile; fileRef = 56B67D6A1EE6FE380086681B /* PlaceAttributeCell.xib */; };
		56B67D771EE6FE380086681B /* PlaceDetailTableViewDataSource.swift in Sources */ = {isa = PBXBuildFile; fileRef = 56B67D6B1EE6FE380086681B /* PlaceDetailTableViewDataSource.swift */; };
		56B67D791EE6FE380086681B /* PlaceNameHeader.swift in Sources */ = {isa = PBXBuildFile; fileRef = 56B67D6D1EE6FE380086681B /* PlaceNameHeader.swift */; };
		56B67D7A1EE6FE380086681B /* PlaceNameHeader.xib in Resources */ = {isa = PBXBuildFile; fileRef = 56B67D6E1EE6FE380086681B /* PlaceNameHeader.xib */; };
		56DFEF561EE8869100F3082C /* PlaceDetailViewController.xib in Resources */ = {isa = PBXBuildFile; fileRef = 56DFEF551EE8869100F3082C /* PlaceDetailViewController.xib */; };
		56FC3CB41EE701E2006338FA /* PlaceDetailViewController.swift in Sources */ = {isa = PBXBuildFile; fileRef = 56FC3CB31EE701E2006338FA /* PlaceDetailViewController.swift */; };
		56FC77C41EE5DD22007E2230 /* GameViewController.swift in Sources */ = {isa = PBXBuildFile; fileRef = 56FC77C31EE5DD22007E2230 /* GameViewController.swift */; };
		56FC77C61EE5DD27007E2230 /* AppDelegate.swift in Sources */ = {isa = PBXBuildFile; fileRef = 56FC77C51EE5DD27007E2230 /* AppDelegate.swift */; };
		56FC77C81EE5DD2D007E2230 /* Constants.swift in Sources */ = {isa = PBXBuildFile; fileRef = 56FC77C71EE5DD2D007E2230 /* Constants.swift */; };
		C9A57CC03C90220F582399E1 /* Pods_SmashTag.framework in Frameworks */ = {isa = PBXBuildFile; fileRef = 2EA9C47A0612E7BBC8ADFE24 /* Pods_SmashTag.framework */; };
/* End PBXBuildFile section */

/* Begin PBXFileReference section */
		2EA9C47A0612E7BBC8ADFE24 /* Pods_SmashTag.framework */ = {isa = PBXFileReference; explicitFileType = wrapper.framework; includeInIndex = 0; path = Pods_SmashTag.framework; sourceTree = BUILT_PRODUCTS_DIR; };
		56176D331EF1E95600DC43A1 /* SmashTagPlayers.swift */ = {isa = PBXFileReference; fileEncoding = 4; lastKnownFileType = sourcecode.swift; path = SmashTagPlayers.swift; sourceTree = SOURCE_ROOT; };
		563BE5041EE7048F00309758 /* CGRect+Extensions.swift */ = {isa = PBXFileReference; fileEncoding = 4; lastKnownFileType = sourcecode.swift; path = "CGRect+Extensions.swift"; sourceTree = "<group>"; };
		563BE5051EE7048F00309758 /* NotificationObserver.swift */ = {isa = PBXFileReference; fileEncoding = 4; lastKnownFileType = sourcecode.swift; path = NotificationObserver.swift; sourceTree = "<group>"; };
		563BE5061EE7048F00309758 /* RoundedButton.swift */ = {isa = PBXFileReference; fileEncoding = 4; lastKnownFileType = sourcecode.swift; path = RoundedButton.swift; sourceTree = "<group>"; };
		563BE5071EE7048F00309758 /* SDKDemoAPIKey.swift */ = {isa = PBXFileReference; fileEncoding = 4; lastKnownFileType = sourcecode.swift; path = SDKDemoAPIKey.swift; sourceTree = "<group>"; };
		563BE5081EE7048F00309758 /* ShadowLineView.swift */ = {isa = PBXFileReference; fileEncoding = 4; lastKnownFileType = sourcecode.swift; path = ShadowLineView.swift; sourceTree = "<group>"; };
		563BE5091EE7048F00309758 /* ShadowView.swift */ = {isa = PBXFileReference; fileEncoding = 4; lastKnownFileType = sourcecode.swift; path = ShadowView.swift; sourceTree = "<group>"; };
		563BE50A1EE7048F00309758 /* Styles.swift */ = {isa = PBXFileReference; fileEncoding = 4; lastKnownFileType = sourcecode.swift; path = Styles.swift; sourceTree = "<group>"; };
		563BE5141EE7573C00309758 /* LogInViewController.swift */ = {isa = PBXFileReference; fileEncoding = 4; lastKnownFileType = sourcecode.swift; name = LogInViewController.swift; path = SmashTag/LogInViewController.swift; sourceTree = SOURCE_ROOT; };
		564165912087C7B50020F936 /* AlertController+Image.swift */ = {isa = PBXFileReference; fileEncoding = 4; lastKnownFileType = sourcecode.swift; path = "AlertController+Image.swift"; sourceTree = SOURCE_ROOT; };
		56416593208953F60020F936 /* AnimationScene.swift */ = {isa = PBXFileReference; fileEncoding = 4; lastKnownFileType = sourcecode.swift; name = AnimationScene.swift; path = SmashTag/ViewControllers/AnimationScene.swift; sourceTree = SOURCE_ROOT; };
		56506BAD1EF2FE6B00AE1537 /* PlacePickerDemoAssets.xcassets */ = {isa = PBXFileReference; lastKnownFileType = folder.assetcatalog; path = PlacePickerDemoAssets.xcassets; sourceTree = "<group>"; };
		5653AEB71EE5DD980086EE16 /* GoogleService-Info.plist */ = {isa = PBXFileReference; fileEncoding = 4; lastKnownFileType = text.plist.xml; name = "GoogleService-Info.plist"; path = "SmashTag/GoogleService-Info.plist"; sourceTree = SOURCE_ROOT; };
		5653AEB91EE5DDA80086EE16 /* Info.plist */ = {isa = PBXFileReference; fileEncoding = 4; lastKnownFileType = text.plist.xml; name = Info.plist; path = SmashTag/Info.plist; sourceTree = SOURCE_ROOT; };
		5653AEBB1EE5DDB90086EE16 /* Default-568h@2x.png */ = {isa = PBXFileReference; lastKnownFileType = image.png; path = "Default-568h@2x.png"; sourceTree = "<group>"; };
		566312391EF1E83200752BE1 /* SmashTagUser.swift */ = {isa = PBXFileReference; fileEncoding = 4; lastKnownFileType = sourcecode.swift; name = SmashTagUser.swift; path = SmashTag/Models/SmashTagUser.swift; sourceTree = SOURCE_ROOT; };
		566586ED1EE5FBBC008926CC /* Main.storyboard */ = {isa = PBXFileReference; fileEncoding = 4; lastKnownFileType = file.storyboard; name = Main.storyboard; path = SmashTag/Base.lproj/Main.storyboard; sourceTree = SOURCE_ROOT; };
		56765D721F2A577A008CE8F6 /* SmashTag.entitlements */ = {isa = PBXFileReference; lastKnownFileType = text.plist.entitlements; name = SmashTag.entitlements; path = SmashTag/SmashTag.entitlements; sourceTree = SOURCE_ROOT; };
		56B5B60A1EE5DE2F0091CEAC /* Images.xcassets */ = {isa = PBXFileReference; lastKnownFileType = folder.assetcatalog; path = Images.xcassets; sourceTree = "<group>"; };
		56B5B60B1EE5DE2F0091CEAC /* LaunchScreen.xib */ = {isa = PBXFileReference; fileEncoding = 4; lastKnownFileType = file.xib; path = LaunchScreen.xib; sourceTree = "<group>"; };
		56B5B60C1EE5DE2F0091CEAC /* Roboto-Regular.ttf */ = {isa = PBXFileReference; lastKnownFileType = file; path = "Roboto-Regular.ttf"; sourceTree = "<group>"; };
		56B5B60D1EE5DE2F0091CEAC /* RobotoMono-Regular.ttf */ = {isa = PBXFileReference; lastKnownFileType = file; path = "RobotoMono-Regular.ttf"; sourceTree = "<group>"; };
		56B67D611EE6FE380086681B /* BackgroundMapViewController.swift */ = {isa = PBXFileReference; fileEncoding = 4; lastKnownFileType = sourcecode.swift; path = BackgroundMapViewController.swift; sourceTree = "<group>"; };
		56B67D621EE6FE380086681B /* BaseContainerViewController.swift */ = {isa = PBXFileReference; fileEncoding = 4; lastKnownFileType = sourcecode.swift; path = BaseContainerViewController.swift; sourceTree = "<group>"; };
		56B67D631EE6FE380086681B /* InsetViewController.swift */ = {isa = PBXFileReference; fileEncoding = 4; lastKnownFileType = sourcecode.swift; path = InsetViewController.swift; sourceTree = "<group>"; };
		56B67D641EE6FE380086681B /* SplitPaneViewController.swift */ = {isa = PBXFileReference; fileEncoding = 4; lastKnownFileType = sourcecode.swift; path = SplitPaneViewController.swift; sourceTree = "<group>"; };
		56B67D661EE6FE380086681B /* PickAPlaceViewController.swift */ = {isa = PBXFileReference; fileEncoding = 4; lastKnownFileType = sourcecode.swift; path = PickAPlaceViewController.swift; sourceTree = "<group>"; };
		56B67D671EE6FE380086681B /* PickAPlaceViewController.xib */ = {isa = PBXFileReference; fileEncoding = 4; lastKnownFileType = file.xib; path = PickAPlaceViewController.xib; sourceTree = "<group>"; };
		56B67D691EE6FE380086681B /* PlaceAttributeCell.swift */ = {isa = PBXFileReference; fileEncoding = 4; lastKnownFileType = sourcecode.swift; path = PlaceAttributeCell.swift; sourceTree = "<group>"; };
		56B67D6A1EE6FE380086681B /* PlaceAttributeCell.xib */ = {isa = PBXFileReference; fileEncoding = 4; lastKnownFileType = file.xib; path = PlaceAttributeCell.xib; sourceTree = "<group>"; };
		56B67D6B1EE6FE380086681B /* PlaceDetailTableViewDataSource.swift */ = {isa = PBXFileReference; fileEncoding = 4; lastKnownFileType = sourcecode.swift; path = PlaceDetailTableViewDataSource.swift; sourceTree = "<group>"; };
		56B67D6D1EE6FE380086681B /* PlaceNameHeader.swift */ = {isa = PBXFileReference; fileEncoding = 4; lastKnownFileType = sourcecode.swift; path = PlaceNameHeader.swift; sourceTree = "<group>"; };
		56B67D6E1EE6FE380086681B /* PlaceNameHeader.xib */ = {isa = PBXFileReference; fileEncoding = 4; lastKnownFileType = file.xib; path = PlaceNameHeader.xib; sourceTree = "<group>"; };
		56DFEF551EE8869100F3082C /* PlaceDetailViewController.xib */ = {isa = PBXFileReference; fileEncoding = 4; lastKnownFileType = file.xib; path = PlaceDetailViewController.xib; sourceTree = "<group>"; };
		56FC3CB31EE701E2006338FA /* PlaceDetailViewController.swift */ = {isa = PBXFileReference; fileEncoding = 4; lastKnownFileType = sourcecode.swift; path = PlaceDetailViewController.swift; sourceTree = "<group>"; };
		56FC77C31EE5DD22007E2230 /* GameViewController.swift */ = {isa = PBXFileReference; fileEncoding = 4; lastKnownFileType = sourcecode.swift; name = GameViewController.swift; path = SmashTag/GameViewController.swift; sourceTree = SOURCE_ROOT; };
		56FC77C51EE5DD27007E2230 /* AppDelegate.swift */ = {isa = PBXFileReference; fileEncoding = 4; lastKnownFileType = sourcecode.swift; name = AppDelegate.swift; path = SmashTag/AppDelegate.swift; sourceTree = SOURCE_ROOT; };
		56FC77C71EE5DD2D007E2230 /* Constants.swift */ = {isa = PBXFileReference; fileEncoding = 4; lastKnownFileType = sourcecode.swift; name = Constants.swift; path = SmashTag/Constants.swift; sourceTree = SOURCE_ROOT; };
		5F5A53791ADE67D500F81DF0 /* SmashTag.app */ = {isa = PBXFileReference; explicitFileType = wrapper.application; includeInIndex = 0; path = SmashTag.app; sourceTree = BUILT_PRODUCTS_DIR; };
		9D91719DB94384C45B7B236F /* Pods-SmashTag.debug.xcconfig */ = {isa = PBXFileReference; includeInIndex = 1; lastKnownFileType = text.xcconfig; name = "Pods-SmashTag.debug.xcconfig"; path = "Pods/Target Support Files/Pods-SmashTag/Pods-SmashTag.debug.xcconfig"; sourceTree = "<group>"; };
		D5DD8A03A8596B9CD97B78C9 /* Pods-SmashTag.release.xcconfig */ = {isa = PBXFileReference; includeInIndex = 1; lastKnownFileType = text.xcconfig; name = "Pods-SmashTag.release.xcconfig"; path = "Pods/Target Support Files/Pods-SmashTag/Pods-SmashTag.release.xcconfig"; sourceTree = "<group>"; };
/* End PBXFileReference section */

/* Begin PBXFrameworksBuildPhase section */
		5F5A53761ADE67D500F81DF0 /* Frameworks */ = {
			isa = PBXFrameworksBuildPhase;
			buildActionMask = 2147483647;
			files = (
				C9A57CC03C90220F582399E1 /* Pods_SmashTag.framework in Frameworks */,
			);
			runOnlyForDeploymentPostprocessing = 0;
		};
/* End PBXFrameworksBuildPhase section */

/* Begin PBXGroup section */
		12DD0A4A089E5CEFC6F01148 /* Pods */ = {
			isa = PBXGroup;
			children = (
				9D91719DB94384C45B7B236F /* Pods-SmashTag.debug.xcconfig */,
				D5DD8A03A8596B9CD97B78C9 /* Pods-SmashTag.release.xcconfig */,
			);
			name = Pods;
			sourceTree = "<group>";
		};
		56176D321EF1E8C800DC43A1 /* Model */ = {
			isa = PBXGroup;
			children = (
				566312391EF1E83200752BE1 /* SmashTagUser.swift */,
				56176D331EF1E95600DC43A1 /* SmashTagPlayers.swift */,
			);
			name = Model;
			sourceTree = "<group>";
		};
		563BE5031EE7048F00309758 /* Support */ = {
			isa = PBXGroup;
			children = (
				563BE5041EE7048F00309758 /* CGRect+Extensions.swift */,
				563BE5051EE7048F00309758 /* NotificationObserver.swift */,
				563BE5061EE7048F00309758 /* RoundedButton.swift */,
				563BE5071EE7048F00309758 /* SDKDemoAPIKey.swift */,
				563BE5081EE7048F00309758 /* ShadowLineView.swift */,
				563BE5091EE7048F00309758 /* ShadowView.swift */,
				563BE50A1EE7048F00309758 /* Styles.swift */,
			);
			name = Support;
			path = SmashTag/Support;
			sourceTree = SOURCE_ROOT;
		};
		564165902087C76A0020F936 /* Extensions */ = {
			isa = PBXGroup;
			children = (
				564165912087C7B50020F936 /* AlertController+Image.swift */,
			);
			name = Extensions;
			sourceTree = "<group>";
		};
		566586EE1EE5FBBC008926CC /* Base.lproj */ = {
			isa = PBXGroup;
			children = (
				566586ED1EE5FBBC008926CC /* Main.storyboard */,
			);
			name = Base.lproj;
			path = SmashTag/Base.lproj;
			sourceTree = "<group>";
		};
		56B5B6091EE5DE2F0091CEAC /* shared */ = {
			isa = PBXGroup;
			children = (
				56506BAD1EF2FE6B00AE1537 /* PlacePickerDemoAssets.xcassets */,
				56B5B60A1EE5DE2F0091CEAC /* Images.xcassets */,
				56B5B60B1EE5DE2F0091CEAC /* LaunchScreen.xib */,
				56B5B60C1EE5DE2F0091CEAC /* Roboto-Regular.ttf */,
				56B5B60D1EE5DE2F0091CEAC /* RobotoMono-Regular.ttf */,
			);
			path = shared;
			sourceTree = SOURCE_ROOT;
		};
		56B67D5F1EE6FE380086681B /* ViewController */ = {
			isa = PBXGroup;
			children = (
				56B67D601EE6FE380086681B /* Containers */,
				56B67D651EE6FE380086681B /* PickAPlace */,
				56B67D681EE6FE380086681B /* PlaceDetail */,
			);
			name = ViewController;
			path = SmashTag/ViewControllers;
			sourceTree = SOURCE_ROOT;
		};
		56B67D601EE6FE380086681B /* Containers */ = {
			isa = PBXGroup;
			children = (
				56B67D611EE6FE380086681B /* BackgroundMapViewController.swift */,
				56B67D621EE6FE380086681B /* BaseContainerViewController.swift */,
				56B67D631EE6FE380086681B /* InsetViewController.swift */,
				56B67D641EE6FE380086681B /* SplitPaneViewController.swift */,
			);
			path = Containers;
			sourceTree = "<group>";
		};
		56B67D651EE6FE380086681B /* PickAPlace */ = {
			isa = PBXGroup;
			children = (
				56B67D661EE6FE380086681B /* PickAPlaceViewController.swift */,
				56B67D671EE6FE380086681B /* PickAPlaceViewController.xib */,
			);
			path = PickAPlace;
			sourceTree = "<group>";
		};
		56B67D681EE6FE380086681B /* PlaceDetail */ = {
			isa = PBXGroup;
			children = (
				56B67D691EE6FE380086681B /* PlaceAttributeCell.swift */,
				56B67D6A1EE6FE380086681B /* PlaceAttributeCell.xib */,
				56B67D6B1EE6FE380086681B /* PlaceDetailTableViewDataSource.swift */,
				56DFEF551EE8869100F3082C /* PlaceDetailViewController.xib */,
				56FC3CB31EE701E2006338FA /* PlaceDetailViewController.swift */,
				56B67D6D1EE6FE380086681B /* PlaceNameHeader.swift */,
				56B67D6E1EE6FE380086681B /* PlaceNameHeader.xib */,
			);
			path = PlaceDetail;
			sourceTree = "<group>";
		};
		5F5A53431ADE670C00F81DF0 = {
			isa = PBXGroup;
			children = (
				5653AEBB1EE5DDB90086EE16 /* Default-568h@2x.png */,
				5F5A537A1ADE67D500F81DF0 /* SmashTag */,
				5F5A534D1ADE670C00F81DF0 /* Products */,
				12DD0A4A089E5CEFC6F01148 /* Pods */,
				9AD5D3AA9FEE4AAC1BAC7C5F /* Frameworks */,
			);
			sourceTree = "<group>";
		};
		5F5A534D1ADE670C00F81DF0 /* Products */ = {
			isa = PBXGroup;
			children = (
				5F5A53791ADE67D500F81DF0 /* SmashTag.app */,
			);
			name = Products;
			sourceTree = "<group>";
		};
		5F5A537A1ADE67D500F81DF0 /* SmashTag */ = {
			isa = PBXGroup;
			children = (
				56765D721F2A577A008CE8F6 /* SmashTag.entitlements */,
				564165902087C76A0020F936 /* Extensions */,
				56176D321EF1E8C800DC43A1 /* Model */,
				563BE5031EE7048F00309758 /* Support */,
				566586EE1EE5FBBC008926CC /* Base.lproj */,
				56B5B6091EE5DE2F0091CEAC /* shared */,
				56FC77C71EE5DD2D007E2230 /* Constants.swift */,
				56FC77C51EE5DD27007E2230 /* AppDelegate.swift */,
				56416593208953F60020F936 /* AnimationScene.swift */,
				563BE5141EE7573C00309758 /* LogInViewController.swift */,
				56FC77C31EE5DD22007E2230 /* GameViewController.swift */,
				56B67D5F1EE6FE380086681B /* ViewController */,
				5F5A537B1ADE67D500F81DF0 /* Supporting Files */,
			);
			name = SmashTag;
			path = FriendlyChatSwift;
			sourceTree = "<group>";
		};
		5F5A537B1ADE67D500F81DF0 /* Supporting Files */ = {
			isa = PBXGroup;
			children = (
				5653AEB71EE5DD980086EE16 /* GoogleService-Info.plist */,
				5653AEB91EE5DDA80086EE16 /* Info.plist */,
			);
			name = "Supporting Files";
			sourceTree = "<group>";
		};
		9AD5D3AA9FEE4AAC1BAC7C5F /* Frameworks */ = {
			isa = PBXGroup;
			children = (
				2EA9C47A0612E7BBC8ADFE24 /* Pods_SmashTag.framework */,
			);
			name = Frameworks;
			sourceTree = "<group>";
		};
/* End PBXGroup section */

/* Begin PBXNativeTarget section */
		5F5A53781ADE67D500F81DF0 /* SmashTag New */ = {
			isa = PBXNativeTarget;
			buildConfigurationList = 5F5A53991ADE67D500F81DF0 /* Build configuration list for PBXNativeTarget "SmashTag New" */;
			buildPhases = (
				77C29CB188171CE63340450F /* [CP] Check Pods Manifest.lock */,
				5F5A53751ADE67D500F81DF0 /* Sources */,
				5F5A53761ADE67D500F81DF0 /* Frameworks */,
				5F5A53771ADE67D500F81DF0 /* Resources */,
				602497AACFA814EC1D444B93 /* [CP] Embed Pods Frameworks */,
				ED8993B59ED135CE7FC6FF4D /* [CP] Copy Pods Resources */,
			);
			buildRules = (
			);
			dependencies = (
			);
			name = "SmashTag New";
			productName = FriendlyPingSwift;
			productReference = 5F5A53791ADE67D500F81DF0 /* SmashTag.app */;
			productType = "com.apple.product-type.application";
		};
/* End PBXNativeTarget section */

/* Begin PBXProject section */
		5F5A53441ADE670C00F81DF0 /* Project object */ = {
			isa = PBXProject;
			attributes = {
				LastSwiftUpdateCheck = 0710;
				LastUpgradeCheck = 0800;
				ORGANIZATIONNAME = "";
				TargetAttributes = {
					5F5A53781ADE67D500F81DF0 = {
						CreatedOnToolsVersion = 6.3;
						DevelopmentTeam = QK53RV47UN;
						LastSwiftMigration = 0920;
						ProvisioningStyle = Automatic;
						SystemCapabilities = {
							com.apple.BackgroundModes = {
								enabled = 1;
							};
							com.apple.Keychain = {
								enabled = 0;
							};
							com.apple.Push = {
								enabled = 1;
							};
						};
					};
				};
			};
			buildConfigurationList = 5F5A53471ADE670C00F81DF0 /* Build configuration list for PBXProject "SmashTag" */;
			compatibilityVersion = "Xcode 3.2";
			developmentRegion = English;
			hasScannedForEncodings = 0;
			knownRegions = (
				en,
				Base,
			);
			mainGroup = 5F5A53431ADE670C00F81DF0;
			productRefGroup = 5F5A534D1ADE670C00F81DF0 /* Products */;
			projectDirPath = "";
			projectRoot = "";
			targets = (
				5F5A53781ADE67D500F81DF0 /* SmashTag New */,
			);
		};
/* End PBXProject section */

/* Begin PBXResourcesBuildPhase section */
		5F5A53771ADE67D500F81DF0 /* Resources */ = {
			isa = PBXResourcesBuildPhase;
			buildActionMask = 2147483647;
			files = (
				56B5B6101EE5DE2F0091CEAC /* Roboto-Regular.ttf in Resources */,
				56B5B60E1EE5DE2F0091CEAC /* Images.xcassets in Resources */,
				56B67D7A1EE6FE380086681B /* PlaceNameHeader.xib in Resources */,
				5653AEBC1EE5DDB90086EE16 /* Default-568h@2x.png in Resources */,
				566586EF1EE5FBBC008926CC /* Main.storyboard in Resources */,
				5653AEB81EE5DD980086EE16 /* GoogleService-Info.plist in Resources */,
				56B5B60F1EE5DE2F0091CEAC /* LaunchScreen.xib in Resources */,
				5653AEBA1EE5DDA80086EE16 /* Info.plist in Resources */,
				56506BAE1EF2FE6B00AE1537 /* PlacePickerDemoAssets.xcassets in Resources */,
				56B5B6111EE5DE2F0091CEAC /* RobotoMono-Regular.ttf in Resources */,
				56DFEF561EE8869100F3082C /* PlaceDetailViewController.xib in Resources */,
				56B67D761EE6FE380086681B /* PlaceAttributeCell.xib in Resources */,
				56B67D741EE6FE380086681B /* PickAPlaceViewController.xib in Resources */,
			);
			runOnlyForDeploymentPostprocessing = 0;
		};
/* End PBXResourcesBuildPhase section */

/* Begin PBXShellScriptBuildPhase section */
		602497AACFA814EC1D444B93 /* [CP] Embed Pods Frameworks */ = {
			isa = PBXShellScriptBuildPhase;
			buildActionMask = 2147483647;
			files = (
			);
			inputPaths = (
			);
			name = "[CP] Embed Pods Frameworks";
			outputPaths = (
			);
			runOnlyForDeploymentPostprocessing = 0;
			shellPath = /bin/sh;
			shellScript = "\"${SRCROOT}/Pods/Target Support Files/Pods-SmashTag/Pods-SmashTag-frameworks.sh\"\n";
			showEnvVarsInLog = 0;
		};
		77C29CB188171CE63340450F /* [CP] Check Pods Manifest.lock */ = {
			isa = PBXShellScriptBuildPhase;
			buildActionMask = 2147483647;
			files = (
			);
			inputPaths = (
			);
			name = "[CP] Check Pods Manifest.lock";
			outputPaths = (
			);
			runOnlyForDeploymentPostprocessing = 0;
			shellPath = /bin/sh;
			shellScript = "diff \"${PODS_PODFILE_DIR_PATH}/Podfile.lock\" \"${PODS_ROOT}/Manifest.lock\" > /dev/null\nif [ $? != 0 ] ; then\n    # print error to STDERR\n    echo \"error: The sandbox is not in sync with the Podfile.lock. Run 'pod install' or update your CocoaPods installation.\" >&2\n    exit 1\nfi\n";
			showEnvVarsInLog = 0;
		};
		ED8993B59ED135CE7FC6FF4D /* [CP] Copy Pods Resources */ = {
			isa = PBXShellScriptBuildPhase;
			buildActionMask = 2147483647;
			files = (
			);
			inputPaths = (
			);
			name = "[CP] Copy Pods Resources";
			outputPaths = (
			);
			runOnlyForDeploymentPostprocessing = 0;
			shellPath = /bin/sh;
			shellScript = "\"${SRCROOT}/Pods/Target Support Files/Pods-SmashTag/Pods-SmashTag-resources.sh\"\n";
			showEnvVarsInLog = 0;
		};
/* End PBXShellScriptBuildPhase section */

/* Begin PBXSourcesBuildPhase section */
		5F5A53751ADE67D500F81DF0 /* Sources */ = {
			isa = PBXSourcesBuildPhase;
			buildActionMask = 2147483647;
			files = (
				563BE5101EE7048F00309758 /* ShadowView.swift in Sources */,
				56FC77C61EE5DD27007E2230 /* AppDelegate.swift in Sources */,
				563BE50D1EE7048F00309758 /* RoundedButton.swift in Sources */,
				56FC77C41EE5DD22007E2230 /* GameViewController.swift in Sources */,
				56176D341EF1E95600DC43A1 /* SmashTagPlayers.swift in Sources */,
				56416594208953F60020F936 /* AnimationScene.swift in Sources */,
				56B67D701EE6FE380086681B /* BaseContainerViewController.swift in Sources */,
				564165922087C7B50020F936 /* AlertController+Image.swift in Sources */,
				56B67D751EE6FE380086681B /* PlaceAttributeCell.swift in Sources */,
				56FC77C81EE5DD2D007E2230 /* Constants.swift in Sources */,
				56B67D721EE6FE380086681B /* SplitPaneViewController.swift in Sources */,
				563BE5151EE7573C00309758 /* LogInViewController.swift in Sources */,
				56B67D731EE6FE380086681B /* PickAPlaceViewController.swift in Sources */,
				563BE50E1EE7048F00309758 /* SDKDemoAPIKey.swift in Sources */,
				563BE50B1EE7048F00309758 /* CGRect+Extensions.swift in Sources */,
				563BE50C1EE7048F00309758 /* NotificationObserver.swift in Sources */,
				56B67D771EE6FE380086681B /* PlaceDetailTableViewDataSource.swift in Sources */,
				563BE5111EE7048F00309758 /* Styles.swift in Sources */,
				56B67D711EE6FE380086681B /* InsetViewController.swift in Sources */,
				5663123A1EF1E83200752BE1 /* SmashTagUser.swift in Sources */,
				56FC3CB41EE701E2006338FA /* PlaceDetailViewController.swift in Sources */,
				56B67D791EE6FE380086681B /* PlaceNameHeader.swift in Sources */,
				56B67D6F1EE6FE380086681B /* BackgroundMapViewController.swift in Sources */,
				563BE50F1EE7048F00309758 /* ShadowLineView.swift in Sources */,
			);
			runOnlyForDeploymentPostprocessing = 0;
		};
/* End PBXSourcesBuildPhase section */

/* Begin XCBuildConfiguration section */
		5F5A536D1ADE670C00F81DF0 /* Debug */ = {
			isa = XCBuildConfiguration;
			buildSettings = {
				ALWAYS_SEARCH_USER_PATHS = NO;
				CLANG_CXX_LANGUAGE_STANDARD = "gnu++0x";
				CLANG_CXX_LIBRARY = "libc++";
				CLANG_ENABLE_MODULES = YES;
				CLANG_ENABLE_OBJC_ARC = YES;
				CLANG_WARN_BOOL_CONVERSION = YES;
				CLANG_WARN_CONSTANT_CONVERSION = YES;
				CLANG_WARN_DIRECT_OBJC_ISA_USAGE = YES_ERROR;
				CLANG_WARN_EMPTY_BODY = YES;
				CLANG_WARN_ENUM_CONVERSION = YES;
				CLANG_WARN_INFINITE_RECURSION = YES;
				CLANG_WARN_INT_CONVERSION = YES;
				CLANG_WARN_OBJC_ROOT_CLASS = YES_ERROR;
				CLANG_WARN_SUSPICIOUS_MOVE = YES;
				CLANG_WARN_UNREACHABLE_CODE = YES;
				CLANG_WARN__DUPLICATE_METHOD_MATCH = YES;
				CODE_SIGN_IDENTITY = "iPhone Developer: Google Development (3F4Y5873JF)";
				"CODE_SIGN_IDENTITY[sdk=iphoneos*]" = "iPhone Developer: Google Development (3F4Y5873JF)";
				COPY_PHASE_STRIP = NO;
				ENABLE_STRICT_OBJC_MSGSEND = YES;
				ENABLE_TESTABILITY = YES;
				GCC_C_LANGUAGE_STANDARD = gnu99;
				GCC_DYNAMIC_NO_PIC = NO;
				GCC_NO_COMMON_BLOCKS = YES;
				GCC_OPTIMIZATION_LEVEL = 0;
				GCC_PREPROCESSOR_DEFINITIONS = (
					"DEBUG=1",
					"$(inherited)",
				);
				GCC_SYMBOLS_PRIVATE_EXTERN = NO;
				GCC_WARN_64_TO_32_BIT_CONVERSION = YES;
				GCC_WARN_ABOUT_RETURN_TYPE = YES_ERROR;
				GCC_WARN_UNDECLARED_SELECTOR = YES;
				GCC_WARN_UNINITIALIZED_AUTOS = YES_AGGRESSIVE;
				GCC_WARN_UNUSED_FUNCTION = YES;
				GCC_WARN_UNUSED_VARIABLE = YES;
				IPHONEOS_DEPLOYMENT_TARGET = 8.0;
				MTL_ENABLE_DEBUG_INFO = YES;
				ONLY_ACTIVE_ARCH = YES;
				PROVISIONING_PROFILE = "65c2088b-2425-4961-b6d5-0256d4790678";
				SDKROOT = iphoneos;
				TARGETED_DEVICE_FAMILY = "1,2";
			};
			name = Debug;
		};
		5F5A536E1ADE670C00F81DF0 /* Release */ = {
			isa = XCBuildConfiguration;
			buildSettings = {
				ALWAYS_SEARCH_USER_PATHS = NO;
				CLANG_CXX_LANGUAGE_STANDARD = "gnu++0x";
				CLANG_CXX_LIBRARY = "libc++";
				CLANG_ENABLE_MODULES = YES;
				CLANG_ENABLE_OBJC_ARC = YES;
				CLANG_WARN_BOOL_CONVERSION = YES;
				CLANG_WARN_CONSTANT_CONVERSION = YES;
				CLANG_WARN_DIRECT_OBJC_ISA_USAGE = YES_ERROR;
				CLANG_WARN_EMPTY_BODY = YES;
				CLANG_WARN_ENUM_CONVERSION = YES;
				CLANG_WARN_INFINITE_RECURSION = YES;
				CLANG_WARN_INT_CONVERSION = YES;
				CLANG_WARN_OBJC_ROOT_CLASS = YES_ERROR;
				CLANG_WARN_SUSPICIOUS_MOVE = YES;
				CLANG_WARN_UNREACHABLE_CODE = YES;
				CLANG_WARN__DUPLICATE_METHOD_MATCH = YES;
				CODE_SIGN_IDENTITY = "iPhone Developer: Google Development (3F4Y5873JF)";
				"CODE_SIGN_IDENTITY[sdk=iphoneos*]" = "iPhone Developer: Google Development (3F4Y5873JF)";
				COPY_PHASE_STRIP = YES;
				ENABLE_NS_ASSERTIONS = NO;
				ENABLE_STRICT_OBJC_MSGSEND = YES;
				GCC_C_LANGUAGE_STANDARD = gnu99;
				GCC_NO_COMMON_BLOCKS = YES;
				GCC_WARN_64_TO_32_BIT_CONVERSION = YES;
				GCC_WARN_ABOUT_RETURN_TYPE = YES_ERROR;
				GCC_WARN_UNDECLARED_SELECTOR = YES;
				GCC_WARN_UNINITIALIZED_AUTOS = YES_AGGRESSIVE;
				GCC_WARN_UNUSED_FUNCTION = YES;
				GCC_WARN_UNUSED_VARIABLE = YES;
				IPHONEOS_DEPLOYMENT_TARGET = 8.0;
				MTL_ENABLE_DEBUG_INFO = NO;
				PROVISIONING_PROFILE = "65c2088b-2425-4961-b6d5-0256d4790678";
				SDKROOT = iphoneos;
				SWIFT_OPTIMIZATION_LEVEL = "-Owholemodule";
				TARGETED_DEVICE_FAMILY = "1,2";
				VALIDATE_PRODUCT = YES;
			};
			name = Release;
		};
		5F5A53951ADE67D500F81DF0 /* Debug */ = {
			isa = XCBuildConfiguration;
			baseConfigurationReference = 9D91719DB94384C45B7B236F /* Pods-SmashTag.debug.xcconfig */;
			buildSettings = {
				ASSETCATALOG_COMPILER_APPICON_NAME = AppIcon;
				CLANG_ENABLE_MODULES = YES;
				CODE_SIGN_ENTITLEMENTS = SmashTag/SmashTag.entitlements;
				CODE_SIGN_IDENTITY = "iPhone Developer";
				"CODE_SIGN_IDENTITY[sdk=iphoneos*]" = "iPhone Developer";
				DEVELOPMENT_TEAM = QK53RV47UN;
				ENABLE_BITCODE = NO;
				GCC_OPTIMIZATION_LEVEL = 3;
				INFOPLIST_FILE = "$(SRCROOT)/SmashTag/Info.plist";
				IPHONEOS_DEPLOYMENT_TARGET = 8.0;
				LD_RUNPATH_SEARCH_PATHS = "$(inherited) @executable_path/Frameworks";
				PRODUCT_BUNDLE_IDENTIFIER = bill.metzger.smashtag;
				PRODUCT_NAME = SmashTag;
				PROVISIONING_PROFILE = "";
				PROVISIONING_PROFILE_SPECIFIER = "";
				SWIFT_OBJC_BRIDGING_HEADER = "";
				SWIFT_OBJC_INTERFACE_HEADER_NAME = "";
				SWIFT_SWIFT3_OBJC_INFERENCE = On;
				SWIFT_VERSION = 4.0;
				TARGETED_DEVICE_FAMILY = 1;
			};
			name = Debug;
		};
		5F5A53961ADE67D500F81DF0 /* Release */ = {
			isa = XCBuildConfiguration;
			baseConfigurationReference = D5DD8A03A8596B9CD97B78C9 /* Pods-SmashTag.release.xcconfig */;
			buildSettings = {
				ASSETCATALOG_COMPILER_APPICON_NAME = AppIcon;
				CLANG_ENABLE_MODULES = YES;
				CODE_SIGN_ENTITLEMENTS = SmashTag/SmashTag.entitlements;
				CODE_SIGN_IDENTITY = "iPhone Developer";
				"CODE_SIGN_IDENTITY[sdk=iphoneos*]" = "iPhone Developer";
				DEVELOPMENT_TEAM = QK53RV47UN;
				ENABLE_BITCODE = NO;
				INFOPLIST_FILE = "$(SRCROOT)/SmashTag/Info.plist";
				IPHONEOS_DEPLOYMENT_TARGET = 8.0;
				LD_RUNPATH_SEARCH_PATHS = "$(inherited) @executable_path/Frameworks";
				PRODUCT_BUNDLE_IDENTIFIER = bill.metzger.smashtag;
				PRODUCT_NAME = SmashTag;
				PROVISIONING_PROFILE = "";
				PROVISIONING_PROFILE_SPECIFIER = "";
				SWIFT_OBJC_BRIDGING_HEADER = "";
				SWIFT_OBJC_INTERFACE_HEADER_NAME = "";
				SWIFT_SWIFT3_OBJC_INFERENCE = On;
				SWIFT_VERSION = 4.0;
				TARGETED_DEVICE_FAMILY = 1;
			};
			name = Release;
		};
/* End XCBuildConfiguration section */

/* Begin XCConfigurationList section */
		5F5A53471ADE670C00F81DF0 /* Build configuration list for PBXProject "SmashTag" */ = {
			isa = XCConfigurationList;
			buildConfigurations = (
				5F5A536D1ADE670C00F81DF0 /* Debug */,
				5F5A536E1ADE670C00F81DF0 /* Release */,
			);
			defaultConfigurationIsVisible = 0;
			defaultConfigurationName = Release;
		};
		5F5A53991ADE67D500F81DF0 /* Build configuration list for PBXNativeTarget "SmashTag New" */ = {
			isa = XCConfigurationList;
			buildConfigurations = (
				5F5A53951ADE67D500F81DF0 /* Debug */,
				5F5A53961ADE67D500F81DF0 /* Release */,
			);
			defaultConfigurationIsVisible = 0;
			defaultConfigurationName = Release;
		};
/* End XCConfigurationList section */
	};
	rootObject = 5F5A53441ADE670C00F81DF0 /* Project object */;
}
